
Microsoft Visual Studio Solution File, Format Version 12.00
# Visual Studio Version 17
VisualStudioVersion = 17.13.35919.96 d17.13
MinimumVisualStudioVersion = 10.0.40219.1
Project("{FAE04EC0-301F-11D3-BF4B-00C04F79EFBC}") = "MauiApp1", "MauiApp1\MauiApp1.csproj", "{99782031-FDAF-482A-9C7C-9B8650895BD6}"
EndProject
Global
	GlobalSection(SolutionConfigurationPlatforms) = preSolution
		Debug|Any CPU = Debug|Any CPU
		Release|Any CPU = Release|Any CPU
	EndGlobalSection
	GlobalSection(ProjectConfigurationPlatforms) = postSolution
		{99782031-FDAF-482A-9C7C-9B8650895BD6}.Debug|Any CPU.ActiveCfg = Debug|Any CPU
		{99782031-FDAF-482A-9C7C-9B8650895BD6}.Debug|Any CPU.Build.0 = Debug|Any CPU
		{99782031-FDAF-482A-9C7C-9B8650895BD6}.Release|Any CPU.ActiveCfg = Release|Any CPU
		{99782031-FDAF-482A-9C7C-9B8650895BD6}.Release|Any CPU.Build.0 = Release|Any CPU
	EndGlobalSection
	GlobalSection(SolutionProperties) = preSolution
		HideSolutionNode = FALSE
	EndGlobalSection
	GlobalSection(ExtensibilityGlobals) = postSolution
		SolutionGuid = {31324014-1676-4F92-8F9F-3EA2DC5821B4}
	EndGlobalSection
EndGlobal
